// !$*UTF8*$!
{
	archiveVersion = 1;
	classes = {
	};
	objectVersion = 55;
	objects = {

/* Begin PBXBuildFile section */
		126207140062A83E3A217039 /* Pods_SealProgrammingMobile.framework in Frameworks */ = {isa = PBXBuildFile; fileRef = B8D5736267ECB38B8BE73CB6 /* Pods_SealProgrammingMobile.framework */; };
		67036D7828A4D95D009E5480 /* SealProgrammingMobileApp.swift in Sources */ = {isa = PBXBuildFile; fileRef = 67036D7728A4D95D009E5480 /* SealProgrammingMobileApp.swift */; };
		67036D7C28A4D965009E5480 /* Assets.xcassets in Resources */ = {isa = PBXBuildFile; fileRef = 67036D7B28A4D965009E5480 /* Assets.xcassets */; };
		67036D7F28A4D965009E5480 /* Preview Assets.xcassets in Resources */ = {isa = PBXBuildFile; fileRef = 67036D7E28A4D965009E5480 /* Preview Assets.xcassets */; };
		67036D8728A61345009E5480 /* ImagePickerView.swift in Sources */ = {isa = PBXBuildFile; fileRef = 67036D8628A61345009E5480 /* ImagePickerView.swift */; };
		67036D8B28A629D5009E5480 /* SealDetector.swift in Sources */ = {isa = PBXBuildFile; fileRef = 67036D8A28A629D5009E5480 /* SealDetector.swift */; };
		67036D8D28A62E1F009E5480 /* seals_model.tflite in Resources */ = {isa = PBXBuildFile; fileRef = 67036D8C28A62E1F009E5480 /* seals_model.tflite */; };
		67036D9528A717ED009E5480 /* DetectionResultView.swift in Sources */ = {isa = PBXBuildFile; fileRef = 67036D9428A717ED009E5480 /* DetectionResultView.swift */; };
		67036D9728A7AF8A009E5480 /* efficientdet_lite0.tflite in Resources */ = {isa = PBXBuildFile; fileRef = 67036D9628A7AF8A009E5480 /* efficientdet_lite0.tflite */; };
		67036D9B28A8558D009E5480 /* DevicesScreenView.swift in Sources */ = {isa = PBXBuildFile; fileRef = 67036D9A28A8558D009E5480 /* DevicesScreenView.swift */; };
		67036DA128A89925009E5480 /* DeviceManager.swift in Sources */ = {isa = PBXBuildFile; fileRef = 67036DA028A89925009E5480 /* DeviceManager.swift */; };
		6762E31928CBE20000A2990E /* Peripheral.swift in Sources */ = {isa = PBXBuildFile; fileRef = 6762E31828CBE20000A2990E /* Peripheral.swift */; };
		6762E31C28CC91A700A2990E /* MainScreenView.swift in Sources */ = {isa = PBXBuildFile; fileRef = 6762E31B28CC91A700A2990E /* MainScreenView.swift */; };
		6762E32028CCBF2100A2990E /* CircleButton.swift in Sources */ = {isa = PBXBuildFile; fileRef = 6762E31F28CCBF2100A2990E /* CircleButton.swift */; };
		6762E32428CD615400A2990E /* FoundDeviceItem.swift in Sources */ = {isa = PBXBuildFile; fileRef = 6762E32328CD615400A2990E /* FoundDeviceItem.swift */; };
		6762E32628CDCFAD00A2990E /* SealCommand.swift in Sources */ = {isa = PBXBuildFile; fileRef = 6762E32528CDCFAD00A2990E /* SealCommand.swift */; };
/* End PBXBuildFile section */

/* Begin PBXFileReference section */
		67036D7428A4D95D009E5480 /* SealProgrammingMobile.app */ = {isa = PBXFileReference; explicitFileType = wrapper.application; includeInIndex = 0; path = SealProgrammingMobile.app; sourceTree = BUILT_PRODUCTS_DIR; };
		67036D7728A4D95D009E5480 /* SealProgrammingMobileApp.swift */ = {isa = PBXFileReference; lastKnownFileType = sourcecode.swift; path = SealProgrammingMobileApp.swift; sourceTree = "<group>"; };
		67036D7B28A4D965009E5480 /* Assets.xcassets */ = {isa = PBXFileReference; lastKnownFileType = folder.assetcatalog; path = Assets.xcassets; sourceTree = "<group>"; };
		67036D7E28A4D965009E5480 /* Preview Assets.xcassets */ = {isa = PBXFileReference; lastKnownFileType = folder.assetcatalog; path = "Preview Assets.xcassets"; sourceTree = "<group>"; };
		67036D8528A5F4C1009E5480 /* Info.plist */ = {isa = PBXFileReference; lastKnownFileType = text.plist; path = Info.plist; sourceTree = "<group>"; };
		67036D8628A61345009E5480 /* ImagePickerView.swift */ = {isa = PBXFileReference; lastKnownFileType = sourcecode.swift; path = ImagePickerView.swift; sourceTree = "<group>"; };
		67036D8A28A629D5009E5480 /* SealDetector.swift */ = {isa = PBXFileReference; lastKnownFileType = sourcecode.swift; path = SealDetector.swift; sourceTree = "<group>"; };
		67036D8C28A62E1F009E5480 /* seals_model.tflite */ = {isa = PBXFileReference; lastKnownFileType = file; name = seals_model.tflite; path = assetes/seals_model.tflite; sourceTree = "<group>"; };
		67036D9428A717ED009E5480 /* DetectionResultView.swift */ = {isa = PBXFileReference; lastKnownFileType = sourcecode.swift; path = DetectionResultView.swift; sourceTree = "<group>"; };
		67036D9628A7AF8A009E5480 /* efficientdet_lite0.tflite */ = {isa = PBXFileReference; lastKnownFileType = file; name = efficientdet_lite0.tflite; path = assetes/efficientdet_lite0.tflite; sourceTree = "<group>"; };
		67036D9A28A8558D009E5480 /* DevicesScreenView.swift */ = {isa = PBXFileReference; lastKnownFileType = sourcecode.swift; path = DevicesScreenView.swift; sourceTree = "<group>"; };
		67036DA028A89925009E5480 /* DeviceManager.swift */ = {isa = PBXFileReference; lastKnownFileType = sourcecode.swift; path = DeviceManager.swift; sourceTree = "<group>"; };
		6762E31828CBE20000A2990E /* Peripheral.swift */ = {isa = PBXFileReference; lastKnownFileType = sourcecode.swift; path = Peripheral.swift; sourceTree = "<group>"; };
		6762E31B28CC91A700A2990E /* MainScreenView.swift */ = {isa = PBXFileReference; lastKnownFileType = sourcecode.swift; path = MainScreenView.swift; sourceTree = "<group>"; };
		6762E31F28CCBF2100A2990E /* CircleButton.swift */ = {isa = PBXFileReference; lastKnownFileType = sourcecode.swift; path = CircleButton.swift; sourceTree = "<group>"; };
		6762E32328CD615400A2990E /* FoundDeviceItem.swift */ = {isa = PBXFileReference; lastKnownFileType = sourcecode.swift; path = FoundDeviceItem.swift; sourceTree = "<group>"; };
		6762E32528CDCFAD00A2990E /* SealCommand.swift */ = {isa = PBXFileReference; lastKnownFileType = sourcecode.swift; path = SealCommand.swift; sourceTree = "<group>"; };
		B6287EAA0DA1B44B7CAD1FBA /* Pods-SealProgrammingMobile.release.xcconfig */ = {isa = PBXFileReference; includeInIndex = 1; lastKnownFileType = text.xcconfig; name = "Pods-SealProgrammingMobile.release.xcconfig"; path = "Target Support Files/Pods-SealProgrammingMobile/Pods-SealProgrammingMobile.release.xcconfig"; sourceTree = "<group>"; };
		B8D5736267ECB38B8BE73CB6 /* Pods_SealProgrammingMobile.framework */ = {isa = PBXFileReference; explicitFileType = wrapper.framework; includeInIndex = 0; path = Pods_SealProgrammingMobile.framework; sourceTree = BUILT_PRODUCTS_DIR; };
		E73F4DED78734F482E825303 /* Pods-SealProgrammingMobile.debug.xcconfig */ = {isa = PBXFileReference; includeInIndex = 1; lastKnownFileType = text.xcconfig; name = "Pods-SealProgrammingMobile.debug.xcconfig"; path = "Target Support Files/Pods-SealProgrammingMobile/Pods-SealProgrammingMobile.debug.xcconfig"; sourceTree = "<group>"; };
/* End PBXFileReference section */

/* Begin PBXFrameworksBuildPhase section */
		67036D7128A4D95D009E5480 /* Frameworks */ = {
			isa = PBXFrameworksBuildPhase;
			buildActionMask = 2147483647;
			files = (
				126207140062A83E3A217039 /* Pods_SealProgrammingMobile.framework in Frameworks */,
			);
			runOnlyForDeploymentPostprocessing = 0;
		};
/* End PBXFrameworksBuildPhase section */

/* Begin PBXGroup section */
		1EC56C5B80CE630FFB7FD5A5 /* Frameworks */ = {
			isa = PBXGroup;
			children = (
				B8D5736267ECB38B8BE73CB6 /* Pods_SealProgrammingMobile.framework */,
			);
			name = Frameworks;
			sourceTree = "<group>";
		};
		67036D6B28A4D95D009E5480 = {
			isa = PBXGroup;
			children = (
				67036D9628A7AF8A009E5480 /* efficientdet_lite0.tflite */,
				67036D8C28A62E1F009E5480 /* seals_model.tflite */,
				67036D7628A4D95D009E5480 /* SealProgrammingMobile */,
				67036D7528A4D95D009E5480 /* Products */,
				A7B83A630133302A7EF8E1D6 /* Pods */,
				1EC56C5B80CE630FFB7FD5A5 /* Frameworks */,
			);
			sourceTree = "<group>";
		};
		67036D7528A4D95D009E5480 /* Products */ = {
			isa = PBXGroup;
			children = (
				67036D7428A4D95D009E5480 /* SealProgrammingMobile.app */,
			);
			name = Products;
			sourceTree = "<group>";
		};
		67036D7628A4D95D009E5480 /* SealProgrammingMobile */ = {
			isa = PBXGroup;
			children = (
				6762E32728CDD0A300A2990E /* data */,
				6762E32228CD5BA100A2990E /* model */,
				6762E31E28CCBEED00A2990E /* components */,
				6762E31A28CC917100A2990E /* screens */,
				67036D8528A5F4C1009E5480 /* Info.plist */,
				67036D9428A717ED009E5480 /* DetectionResultView.swift */,
				67036D8A28A629D5009E5480 /* SealDetector.swift */,
				67036D7728A4D95D009E5480 /* SealProgrammingMobileApp.swift */,
				67036D8628A61345009E5480 /* ImagePickerView.swift */,
				67036D7B28A4D965009E5480 /* Assets.xcassets */,
				67036D7D28A4D965009E5480 /* Preview Content */,
				6762E31828CBE20000A2990E /* Peripheral.swift */,
			);
			path = SealProgrammingMobile;
			sourceTree = "<group>";
		};
		67036D7D28A4D965009E5480 /* Preview Content */ = {
			isa = PBXGroup;
			children = (
				67036D7E28A4D965009E5480 /* Preview Assets.xcassets */,
			);
			path = "Preview Content";
			sourceTree = "<group>";
		};
		6762E31A28CC917100A2990E /* screens */ = {
			isa = PBXGroup;
			children = (
				6762E32128CD5B6600A2990E /* devices */,
				6762E31D28CC9B3A00A2990E /* main */,
			);
			path = screens;
			sourceTree = "<group>";
		};
		6762E31D28CC9B3A00A2990E /* main */ = {
			isa = PBXGroup;
			children = (
				6762E31B28CC91A700A2990E /* MainScreenView.swift */,
			);
			path = main;
			sourceTree = "<group>";
		};
		6762E31E28CCBEED00A2990E /* components */ = {
			isa = PBXGroup;
			children = (
				6762E31F28CCBF2100A2990E /* CircleButton.swift */,
			);
			path = components;
			sourceTree = "<group>";
		};
		6762E32128CD5B6600A2990E /* devices */ = {
			isa = PBXGroup;
			children = (
				67036D9A28A8558D009E5480 /* DevicesScreenView.swift */,
				6762E32328CD615400A2990E /* FoundDeviceItem.swift */,
			);
			path = devices;
			sourceTree = "<group>";
		};
		6762E32228CD5BA100A2990E /* model */ = {
			isa = PBXGroup;
			children = (
				67036DA028A89925009E5480 /* DeviceManager.swift */,
			);
			path = model;
			sourceTree = "<group>";
		};
		6762E32728CDD0A300A2990E /* data */ = {
			isa = PBXGroup;
			children = (
				6762E32528CDCFAD00A2990E /* SealCommand.swift */,
			);
			path = data;
			sourceTree = "<group>";
		};
		A7B83A630133302A7EF8E1D6 /* Pods */ = {
			isa = PBXGroup;
			children = (
				E73F4DED78734F482E825303 /* Pods-SealProgrammingMobile.debug.xcconfig */,
				B6287EAA0DA1B44B7CAD1FBA /* Pods-SealProgrammingMobile.release.xcconfig */,
			);
			path = Pods;
			sourceTree = "<group>";
		};
/* End PBXGroup section */

/* Begin PBXNativeTarget section */
		67036D7328A4D95D009E5480 /* SealProgrammingMobile */ = {
			isa = PBXNativeTarget;
			buildConfigurationList = 67036D8228A4D965009E5480 /* Build configuration list for PBXNativeTarget "SealProgrammingMobile" */;
			buildPhases = (
				0802BA856C428D4909A5FB4E /* [CP] Check Pods Manifest.lock */,
				67036D7028A4D95D009E5480 /* Sources */,
				67036D7128A4D95D009E5480 /* Frameworks */,
				67036D7228A4D95D009E5480 /* Resources */,
			);
			buildRules = (
			);
			dependencies = (
			);
			name = SealProgrammingMobile;
			productName = SealProgrammingMobile;
			productReference = 67036D7428A4D95D009E5480 /* SealProgrammingMobile.app */;
			productType = "com.apple.product-type.application";
		};
/* End PBXNativeTarget section */

/* Begin PBXProject section */
		67036D6C28A4D95D009E5480 /* Project object */ = {
			isa = PBXProject;
			attributes = {
				BuildIndependentTargetsInParallel = 1;
				LastSwiftUpdateCheck = 1340;
				LastUpgradeCheck = 1340;
				TargetAttributes = {
					67036D7328A4D95D009E5480 = {
						CreatedOnToolsVersion = 13.4.1;
					};
				};
			};
			buildConfigurationList = 67036D6F28A4D95D009E5480 /* Build configuration list for PBXProject "SealProgrammingMobile" */;
			compatibilityVersion = "Xcode 13.0";
			developmentRegion = en;
			hasScannedForEncodings = 0;
			knownRegions = (
				en,
				Base,
			);
			mainGroup = 67036D6B28A4D95D009E5480;
			productRefGroup = 67036D7528A4D95D009E5480 /* Products */;
			projectDirPath = "";
			projectRoot = "";
			targets = (
				67036D7328A4D95D009E5480 /* SealProgrammingMobile */,
			);
		};
/* End PBXProject section */

/* Begin PBXResourcesBuildPhase section */
		67036D7228A4D95D009E5480 /* Resources */ = {
			isa = PBXResourcesBuildPhase;
			buildActionMask = 2147483647;
			files = (
				67036D9728A7AF8A009E5480 /* efficientdet_lite0.tflite in Resources */,
				67036D8D28A62E1F009E5480 /* seals_model.tflite in Resources */,
				67036D7F28A4D965009E5480 /* Preview Assets.xcassets in Resources */,
				67036D7C28A4D965009E5480 /* Assets.xcassets in Resources */,
			);
			runOnlyForDeploymentPostprocessing = 0;
		};
/* End PBXResourcesBuildPhase section */

/* Begin PBXShellScriptBuildPhase section */
		0802BA856C428D4909A5FB4E /* [CP] Check Pods Manifest.lock */ = {
			isa = PBXShellScriptBuildPhase;
			buildActionMask = 2147483647;
			files = (
			);
			inputFileListPaths = (
			);
			inputPaths = (
				"${PODS_PODFILE_DIR_PATH}/Podfile.lock",
				"${PODS_ROOT}/Manifest.lock",
			);
			name = "[CP] Check Pods Manifest.lock";
			outputFileListPaths = (
			);
			outputPaths = (
				"$(DERIVED_FILE_DIR)/Pods-SealProgrammingMobile-checkManifestLockResult.txt",
			);
			runOnlyForDeploymentPostprocessing = 0;
			shellPath = /bin/sh;
			shellScript = "diff \"${PODS_PODFILE_DIR_PATH}/Podfile.lock\" \"${PODS_ROOT}/Manifest.lock\" > /dev/null\nif [ $? != 0 ] ; then\n    # print error to STDERR\n    echo \"error: The sandbox is not in sync with the Podfile.lock. Run 'pod install' or update your CocoaPods installation.\" >&2\n    exit 1\nfi\n# This output is used by Xcode 'outputs' to avoid re-running this script phase.\necho \"SUCCESS\" > \"${SCRIPT_OUTPUT_FILE_0}\"\n";
			showEnvVarsInLog = 0;
		};
/* End PBXShellScriptBuildPhase section */

/* Begin PBXSourcesBuildPhase section */
		67036D7028A4D95D009E5480 /* Sources */ = {
			isa = PBXSourcesBuildPhase;
			buildActionMask = 2147483647;
			files = (
				67036DA128A89925009E5480 /* DeviceManager.swift in Sources */,
				67036D8B28A629D5009E5480 /* SealDetector.swift in Sources */,
				6762E32628CDCFAD00A2990E /* SealCommand.swift in Sources */,
				67036D9528A717ED009E5480 /* DetectionResultView.swift in Sources */,
				6762E32028CCBF2100A2990E /* CircleButton.swift in Sources */,
				6762E31C28CC91A700A2990E /* MainScreenView.swift in Sources */,
				67036D9B28A8558D009E5480 /* DevicesScreenView.swift in Sources */,
				67036D8728A61345009E5480 /* ImagePickerView.swift in Sources */,
				67036D7828A4D95D009E5480 /* SealProgrammingMobileApp.swift in Sources */,
				6762E32428CD615400A2990E /* FoundDeviceItem.swift in Sources */,
				6762E31928CBE20000A2990E /* Peripheral.swift in Sources */,
			);
			runOnlyForDeploymentPostprocessing = 0;
		};
/* End PBXSourcesBuildPhase section */

/* Begin XCBuildConfiguration section */
		67036D8028A4D965009E5480 /* Debug */ = {
			isa = XCBuildConfiguration;
			buildSettings = {
				ALWAYS_SEARCH_USER_PATHS = NO;
				CLANG_ANALYZER_NONNULL = YES;
				CLANG_ANALYZER_NUMBER_OBJECT_CONVERSION = YES_AGGRESSIVE;
				CLANG_CXX_LANGUAGE_STANDARD = "gnu++17";
				CLANG_ENABLE_MODULES = YES;
				CLANG_ENABLE_OBJC_ARC = YES;
				CLANG_ENABLE_OBJC_WEAK = YES;
				CLANG_WARN_BLOCK_CAPTURE_AUTORELEASING = YES;
				CLANG_WARN_BOOL_CONVERSION = YES;
				CLANG_WARN_COMMA = YES;
				CLANG_WARN_CONSTANT_CONVERSION = YES;
				CLANG_WARN_DEPRECATED_OBJC_IMPLEMENTATIONS = YES;
				CLANG_WARN_DIRECT_OBJC_ISA_USAGE = YES_ERROR;
				CLANG_WARN_DOCUMENTATION_COMMENTS = YES;
				CLANG_WARN_EMPTY_BODY = YES;
				CLANG_WARN_ENUM_CONVERSION = YES;
				CLANG_WARN_INFINITE_RECURSION = YES;
				CLANG_WARN_INT_CONVERSION = YES;
				CLANG_WARN_NON_LITERAL_NULL_CONVERSION = YES;
				CLANG_WARN_OBJC_IMPLICIT_RETAIN_SELF = YES;
				CLANG_WARN_OBJC_LITERAL_CONVERSION = YES;
				CLANG_WARN_OBJC_ROOT_CLASS = YES_ERROR;
				CLANG_WARN_QUOTED_INCLUDE_IN_FRAMEWORK_HEADER = YES;
				CLANG_WARN_RANGE_LOOP_ANALYSIS = YES;
				CLANG_WARN_STRICT_PROTOTYPES = YES;
				CLANG_WARN_SUSPICIOUS_MOVE = YES;
				CLANG_WARN_UNGUARDED_AVAILABILITY = YES_AGGRESSIVE;
				CLANG_WARN_UNREACHABLE_CODE = YES;
				CLANG_WARN__DUPLICATE_METHOD_MATCH = YES;
				COPY_PHASE_STRIP = NO;
				DEBUG_INFORMATION_FORMAT = dwarf;
				ENABLE_STRICT_OBJC_MSGSEND = YES;
				ENABLE_TESTABILITY = YES;
				GCC_C_LANGUAGE_STANDARD = gnu11;
				GCC_DYNAMIC_NO_PIC = NO;
				GCC_NO_COMMON_BLOCKS = YES;
				GCC_OPTIMIZATION_LEVEL = 0;
				GCC_PREPROCESSOR_DEFINITIONS = (
					"DEBUG=1",
					"$(inherited)",
				);
				GCC_WARN_64_TO_32_BIT_CONVERSION = YES;
				GCC_WARN_ABOUT_RETURN_TYPE = YES_ERROR;
				GCC_WARN_UNDECLARED_SELECTOR = YES;
				GCC_WARN_UNINITIALIZED_AUTOS = YES_AGGRESSIVE;
				GCC_WARN_UNUSED_FUNCTION = YES;
				GCC_WARN_UNUSED_VARIABLE = YES;
				IPHONEOS_DEPLOYMENT_TARGET = 15.0;
				MTL_ENABLE_DEBUG_INFO = INCLUDE_SOURCE;
				MTL_FAST_MATH = YES;
				ONLY_ACTIVE_ARCH = YES;
				SDKROOT = iphoneos;
				SWIFT_ACTIVE_COMPILATION_CONDITIONS = DEBUG;
				SWIFT_OPTIMIZATION_LEVEL = "-Onone";
			};
			name = Debug;
		};
		67036D8128A4D965009E5480 /* Release */ = {
			isa = XCBuildConfiguration;
			buildSettings = {
				ALWAYS_SEARCH_USER_PATHS = NO;
				CLANG_ANALYZER_NONNULL = YES;
				CLANG_ANALYZER_NUMBER_OBJECT_CONVERSION = YES_AGGRESSIVE;
				CLANG_CXX_LANGUAGE_STANDARD = "gnu++17";
				CLANG_ENABLE_MODULES = YES;
				CLANG_ENABLE_OBJC_ARC = YES;
				CLANG_ENABLE_OBJC_WEAK = YES;
				CLANG_WARN_BLOCK_CAPTURE_AUTORELEASING = YES;
				CLANG_WARN_BOOL_CONVERSION = YES;
				CLANG_WARN_COMMA = YES;
				CLANG_WARN_CONSTANT_CONVERSION = YES;
				CLANG_WARN_DEPRECATED_OBJC_IMPLEMENTATIONS = YES;
				CLANG_WARN_DIRECT_OBJC_ISA_USAGE = YES_ERROR;
				CLANG_WARN_DOCUMENTATION_COMMENTS = YES;
				CLANG_WARN_EMPTY_BODY = YES;
				CLANG_WARN_ENUM_CONVERSION = YES;
				CLANG_WARN_INFINITE_RECURSION = YES;
				CLANG_WARN_INT_CONVERSION = YES;
				CLANG_WARN_NON_LITERAL_NULL_CONVERSION = YES;
				CLANG_WARN_OBJC_IMPLICIT_RETAIN_SELF = YES;
				CLANG_WARN_OBJC_LITERAL_CONVERSION = YES;
				CLANG_WARN_OBJC_ROOT_CLASS = YES_ERROR;
				CLANG_WARN_QUOTED_INCLUDE_IN_FRAMEWORK_HEADER = YES;
				CLANG_WARN_RANGE_LOOP_ANALYSIS = YES;
				CLANG_WARN_STRICT_PROTOTYPES = YES;
				CLANG_WARN_SUSPICIOUS_MOVE = YES;
				CLANG_WARN_UNGUARDED_AVAILABILITY = YES_AGGRESSIVE;
				CLANG_WARN_UNREACHABLE_CODE = YES;
				CLANG_WARN__DUPLICATE_METHOD_MATCH = YES;
				COPY_PHASE_STRIP = NO;
				DEBUG_INFORMATION_FORMAT = "dwarf-with-dsym";
				ENABLE_NS_ASSERTIONS = NO;
				ENABLE_STRICT_OBJC_MSGSEND = YES;
				GCC_C_LANGUAGE_STANDARD = gnu11;
				GCC_NO_COMMON_BLOCKS = YES;
				GCC_WARN_64_TO_32_BIT_CONVERSION = YES;
				GCC_WARN_ABOUT_RETURN_TYPE = YES_ERROR;
				GCC_WARN_UNDECLARED_SELECTOR = YES;
				GCC_WARN_UNINITIALIZED_AUTOS = YES_AGGRESSIVE;
				GCC_WARN_UNUSED_FUNCTION = YES;
				GCC_WARN_UNUSED_VARIABLE = YES;
				IPHONEOS_DEPLOYMENT_TARGET = 15.0;
				MTL_ENABLE_DEBUG_INFO = NO;
				MTL_FAST_MATH = YES;
				SDKROOT = iphoneos;
				SWIFT_COMPILATION_MODE = wholemodule;
				SWIFT_OPTIMIZATION_LEVEL = "-O";
				VALIDATE_PRODUCT = YES;
			};
			name = Release;
		};
		67036D8328A4D965009E5480 /* Debug */ = {
			isa = XCBuildConfiguration;
			baseConfigurationReference = E73F4DED78734F482E825303 /* Pods-SealProgrammingMobile.debug.xcconfig */;
			buildSettings = {
				ASSETCATALOG_COMPILER_APPICON_NAME = AppIcon;
				ASSETCATALOG_COMPILER_GLOBAL_ACCENT_COLOR_NAME = AccentColor;
				CODE_SIGN_STYLE = Automatic;
				CURRENT_PROJECT_VERSION = 1;
				DEVELOPMENT_ASSET_PATHS = "\"SealProgrammingMobile/Preview Content\"";
				DEVELOPMENT_TEAM = JDX4U54SH3;
				ENABLE_PREVIEWS = YES;
				GENERATE_INFOPLIST_FILE = YES;
				INFOPLIST_FILE = SealProgrammingMobile/Info.plist;
				INFOPLIST_KEY_UIApplicationSceneManifest_Generation = YES;
				INFOPLIST_KEY_UIApplicationSupportsIndirectInputEvents = YES;
				INFOPLIST_KEY_UILaunchScreen_Generation = YES;
				INFOPLIST_KEY_UISupportedInterfaceOrientations_iPad = "UIInterfaceOrientationPortrait UIInterfaceOrientationPortraitUpsideDown UIInterfaceOrientationLandscapeLeft UIInterfaceOrientationLandscapeRight";
				INFOPLIST_KEY_UISupportedInterfaceOrientations_iPhone = "UIInterfaceOrientationPortrait UIInterfaceOrientationLandscapeLeft UIInterfaceOrientationLandscapeRight";
				LD_RUNPATH_SEARCH_PATHS = (
					"$(inherited)",
					"@executable_path/Frameworks",
				);
				MARKETING_VERSION = 1.0;
				PRODUCT_BUNDLE_IDENTIFIER = com.shirosoftware.SealProgrammingMobile;
				PRODUCT_NAME = "$(TARGET_NAME)";
				SWIFT_EMIT_LOC_STRINGS = YES;
				SWIFT_VERSION = 5.0;
				TARGETED_DEVICE_FAMILY = "1,2";
			};
			name = Debug;
		};
		67036D8428A4D965009E5480 /* Release */ = {
			isa = XCBuildConfiguration;
			baseConfigurationReference = B6287EAA0DA1B44B7CAD1FBA /* Pods-SealProgrammingMobile.release.xcconfig */;
			buildSettings = {
				ASSETCATALOG_COMPILER_APPICON_NAME = AppIcon;
				ASSETCATALOG_COMPILER_GLOBAL_ACCENT_COLOR_NAME = AccentColor;
				CODE_SIGN_STYLE = Automatic;
				CURRENT_PROJECT_VERSION = 1;
				DEVELOPMENT_ASSET_PATHS = "\"SealProgrammingMobile/Preview Content\"";
				DEVELOPMENT_TEAM = JDX4U54SH3;
				ENABLE_PREVIEWS = YES;
				GENERATE_INFOPLIST_FILE = YES;
				INFOPLIST_FILE = SealProgrammingMobile/Info.plist;
				INFOPLIST_KEY_UIApplicationSceneManifest_Generation = YES;
				INFOPLIST_KEY_UIApplicationSupportsIndirectInputEvents = YES;
				INFOPLIST_KEY_UILaunchScreen_Generation = YES;
				INFOPLIST_KEY_UISupportedInterfaceOrientations_iPad = "UIInterfaceOrientationPortrait UIInterfaceOrientationPortraitUpsideDown UIInterfaceOrientationLandscapeLeft UIInterfaceOrientationLandscapeRight";
				INFOPLIST_KEY_UISupportedInterfaceOrientations_iPhone = "UIInterfaceOrientationPortrait UIInterfaceOrientationLandscapeLeft UIInterfaceOrientationLandscapeRight";
				LD_RUNPATH_SEARCH_PATHS = (
					"$(inherited)",
					"@executable_path/Frameworks",
				);
				MARKETING_VERSION = 1.0;
				PRODUCT_BUNDLE_IDENTIFIER = com.shirosoftware.SealProgrammingMobile;
				PRODUCT_NAME = "$(TARGET_NAME)";
				SWIFT_EMIT_LOC_STRINGS = YES;
				SWIFT_VERSION = 5.0;
				TARGETED_DEVICE_FAMILY = "1,2";
			};
			name = Release;
		};
/* End XCBuildConfiguration section */

/* Begin XCConfigurationList section */
		67036D6F28A4D95D009E5480 /* Build configuration list for PBXProject "SealProgrammingMobile" */ = {
			isa = XCConfigurationList;
			buildConfigurations = (
				67036D8028A4D965009E5480 /* Debug */,
				67036D8128A4D965009E5480 /* Release */,
			);
			defaultConfigurationIsVisible = 0;
			defaultConfigurationName = Release;
		};
		67036D8228A4D965009E5480 /* Build configuration list for PBXNativeTarget "SealProgrammingMobile" */ = {
			isa = XCConfigurationList;
			buildConfigurations = (
				67036D8328A4D965009E5480 /* Debug */,
				67036D8428A4D965009E5480 /* Release */,
			);
			defaultConfigurationIsVisible = 0;
			defaultConfigurationName = Release;
		};
/* End XCConfigurationList section */
	};
	rootObject = 67036D6C28A4D95D009E5480 /* Project object */;
}
